
Microsoft Visual Studio Solution File, Format Version 12.00
# Visual Studio Version 16
VisualStudioVersion = 16.0.30114.105
MinimumVisualStudioVersion = 10.0.40219.1
Project("{FAE04EC0-301F-11D3-BF4B-00C04F79EFBC}") = "nuclear-reactor-sim", "nuclear-reactor-sim.csproj", "{7301E75B-5960-4F8A-BE55-96E69E700514}"
EndProject
Global
	GlobalSection(SolutionConfigurationPlatforms) = preSolution
		Debug|Any CPU = Debug|Any CPU
		Release|Any CPU = Release|Any CPU
	EndGlobalSection
	GlobalSection(ProjectConfigurationPlatforms) = postSolution
		{7301E75B-5960-4F8A-BE55-96E69E700514}.Debug|Any CPU.ActiveCfg = Debug|Any CPU
		{7301E75B-5960-4F8A-BE55-96E69E700514}.Debug|Any CPU.Build.0 = Debug|Any CPU
		{7301E75B-5960-4F8A-BE55-96E69E700514}.Release|Any CPU.ActiveCfg = Release|Any CPU
		{7301E75B-5960-4F8A-BE55-96E69E700514}.Release|Any CPU.Build.0 = Release|Any CPU
	EndGlobalSection
	GlobalSection(SolutionProperties) = preSolution
		HideSolutionNode = FALSE
	EndGlobalSection
	GlobalSection(ExtensibilityGlobals) = postSolution
		SolutionGuid = {F0CADDAB-E708-47A2-A03F-450A83132DBD}
	EndGlobalSection
EndGlobal
